{
  "name": "mira_duplicate_scanner",
  "version": "1.0.0",
  "lockfileVersion": 3,
  "requires": true,
  "packages": {
    "": {
      "name": "mira_duplicate_scanner",
      "version": "1.0.0",
      "license": "ISC",
      "dependencies": {
        "mira-app-server": "file:../../packages/mira-app-server",
        "mira-storage-sqlite": "file:../../packages/mira-storage-sqlite"
      }
    },
    "../../packages/mira-app-server": {},
    "../../packages/mira-storage-sqlite": {},
    "node_modules/mira-app-server": {
      "resolved": "../../packages/mira-app-server",
      "link": true
    },
    "node_modules/mira-storage-sqlite": {
      "resolved": "../../packages/mira-storage-sqlite",
      "link": true
    }
  }
}
