lockfileVersion: '9.0'

settings:
  autoInstallPeers: true
  excludeLinksFromLockfile: false

importers:

  .:
    dependencies:
      '@esotericsoftware/spine-canvaskit':
        specifier: 4.2.48
        version: 4.2.48
      canvaskit-wasm:
        specifier: ^0.41.1
        version: 0.41.1
      yauzl:
        specifier: ^3.2.0
        version: 3.4.0
    devDependencies:
      '@types/node':
        specifier: ^20.10.0
        version: 20.19.43
      '@types/yauzl':
        specifier: ^2.10.3
        version: 2.10.3
      typescript:
        specifier: ^5.7.0
        version: 5.9.3

packages:

  '@esotericsoftware/spine-canvaskit@4.2.48':
    resolution: {integrity: sha512-tzVzAqEVYESmGd+Cpo1iCT212KhrGoBJTqXbBUHPTkNiVD+/CnM2Z4NaOIWjeHIaQRi+UCYj1iNP1gPPRuw8cw==}

  '@esotericsoftware/spine-core@4.2.48':
    resolution: {integrity: sha512-ccSrcNhTCSNUinPReiPlJ4wCCh2ovcyJRmFzaRtEhyA966/3gVfC69B1cegWcxdWtJz4Dtc0pmUztEs9lHn7qQ==}

  '@types/node@20.19.43':
    resolution: {integrity: sha512-6oYBAi5ikg4Pl+kGsoYtawUMBT2zZMCvPNF7pVLnHZfd1zf38DRiWn/gT01RYCdUqkv7Fhr+C9ot4/tb+2sVvA==}

  '@types/yauzl@2.10.3':
    resolution: {integrity: sha512-oJoftv0LSuaDZE3Le4DbKX+KS9G36NzOeSap90UIK0yMA/NhKJhqlSGtNDORNRaIbQfzjXDrQa0ytJ6mNRGz/Q==}

  '@webgpu/types@0.1.21':
    resolution: {integrity: sha512-pUrWq3V5PiSGFLeLxoGqReTZmiiXwY3jRkIG5sLLKjyqNxrwm/04b4nw7LSmGWJcKk59XOM/YRTUwOzo4MMlow==}

  canvaskit-wasm@0.39.1:
    resolution: {integrity: sha512-Gy3lCmhUdKq+8bvDrs9t8+qf7RvcjuQn+we7vTVVyqgOVO1UVfHpsnBxkTZw+R4ApEJ3D5fKySl9TU11hmjl/A==}

  canvaskit-wasm@0.41.1:
    resolution: {integrity: sha512-gO2rNMIE0lOQ8MaarM4qNeq2zZAEknAObKP2XAKidMSAY8P5sURGdFkrx1TSdHuBFqTf5w35JqjuUzjibqkD5g==}

  pend@1.2.0:
    resolution: {integrity: sha512-F3asv42UuXchdzt+xXqfW1OGlVBe+mxa2mqI0pg5yAHZPvFmY3Y6drSf/GQ1A86WgWEN9Kzh/WrgKa6iGcHXLg==}

  typescript@5.9.3:
    resolution: {integrity: sha512-jl1vZzPDinLr9eUt3J/t7V6FgNEw9QjvBPdysz9KfQDD41fQrC2Y4vKQdiaUpFT4bXlb1RHhLpp8wtm6M5TgSw==}
    engines: {node: '>=14.17'}
    hasBin: true

  undici-types@6.21.0:
    resolution: {integrity: sha512-iwDZqg0QAGrg9Rav5H4n0M64c3mkR59cJ6wQp+7C4nI0gsmExaedaYLNO44eT4AtBBwjbTiGPMlt2Md0T9H9JQ==}

  yauzl@3.4.0:
    resolution: {integrity: sha512-jIH9yLR9wqr0wOS0TpBvo/g/2UgZH5qePVbjgRliiF0BYvOZyaBknKsF+x9Iht0O6sqgnB93rCICdOZFecJuDw==}
    engines: {node: '>=12'}

snapshots:

  '@esotericsoftware/spine-canvaskit@4.2.48':
    dependencies:
      '@esotericsoftware/spine-core': 4.2.48
      canvaskit-wasm: 0.39.1

  '@esotericsoftware/spine-core@4.2.48': {}

  '@types/node@20.19.43':
    dependencies:
      undici-types: 6.21.0

  '@types/yauzl@2.10.3':
    dependencies:
      '@types/node': 20.19.43

  '@webgpu/types@0.1.21': {}

  canvaskit-wasm@0.39.1:
    dependencies:
      '@webgpu/types': 0.1.21

  canvaskit-wasm@0.41.1:
    dependencies:
      '@webgpu/types': 0.1.21

  pend@1.2.0: {}

  typescript@5.9.3: {}

  undici-types@6.21.0: {}

  yauzl@3.4.0:
    dependencies:
      pend: 1.2.0
